// !$*UTF8*$!
{
	archiveVersion = 1;
	classes = {
	};
	objectVersion = 56;
	objects = {

/* Begin PBXBuildFile section */
		81A944352B61202100E16C43 /* MarvelPlist.plist in Resources */ = {isa = PBXBuildFile; fileRef = 81A944342B61202100E16C43 /* MarvelPlist.plist */; };
		B13823D12B2C5EF900F7E5C6 /* AppDelegate.swift in Sources */ = {isa = PBXBuildFile; fileRef = B13823D02B2C5EF900F7E5C6 /* AppDelegate.swift */; };
		B13823D32B2C5EF900F7E5C6 /* SceneDelegate.swift in Sources */ = {isa = PBXBuildFile; fileRef = B13823D22B2C5EF900F7E5C6 /* SceneDelegate.swift */; };
		B13823D82B2C5EF900F7E5C6 /* Main.storyboard in Resources */ = {isa = PBXBuildFile; fileRef = B13823D62B2C5EF900F7E5C6 /* Main.storyboard */; };
		B13823DA2B2C5EFB00F7E5C6 /* Assets.xcassets in Resources */ = {isa = PBXBuildFile; fileRef = B13823D92B2C5EFB00F7E5C6 /* Assets.xcassets */; };
		B13823DD2B2C5EFB00F7E5C6 /* LaunchScreen.storyboard in Resources */ = {isa = PBXBuildFile; fileRef = B13823DB2B2C5EFB00F7E5C6 /* LaunchScreen.storyboard */; };
		B13823E82B2C5EFB00F7E5C6 /* Marvel3_0Tests.swift in Sources */ = {isa = PBXBuildFile; fileRef = B13823E72B2C5EFB00F7E5C6 /* Marvel3_0Tests.swift */; };
		B13823F22B2C5EFB00F7E5C6 /* Marvel3_0UITests.swift in Sources */ = {isa = PBXBuildFile; fileRef = B13823F12B2C5EFB00F7E5C6 /* Marvel3_0UITests.swift */; };
		B13823F42B2C5EFB00F7E5C6 /* Marvel3_0UITestsLaunchTests.swift in Sources */ = {isa = PBXBuildFile; fileRef = B13823F32B2C5EFB00F7E5C6 /* Marvel3_0UITestsLaunchTests.swift */; };
		B138241F2B2C61AF00F7E5C6 /* CharacterModel.swift in Sources */ = {isa = PBXBuildFile; fileRef = B138241E2B2C61AF00F7E5C6 /* CharacterModel.swift */; };
		B13824212B2C61C300F7E5C6 /* CharacterViewController.swift in Sources */ = {isa = PBXBuildFile; fileRef = B13824202B2C61C300F7E5C6 /* CharacterViewController.swift */; };
		B13824232B2C61D000F7E5C6 /* CharacterTableViewCell.swift in Sources */ = {isa = PBXBuildFile; fileRef = B13824222B2C61D000F7E5C6 /* CharacterTableViewCell.swift */; };
		B13824252B2C61E100F7E5C6 /* CharacterViewModel.swift in Sources */ = {isa = PBXBuildFile; fileRef = B13824242B2C61E100F7E5C6 /* CharacterViewModel.swift */; };
		B13824272B2C61F800F7E5C6 /* ComicsModel.swift in Sources */ = {isa = PBXBuildFile; fileRef = B13824262B2C61F800F7E5C6 /* ComicsModel.swift */; };
		B13824292B2C621600F7E5C6 /* CharacterDetailViewController.swift in Sources */ = {isa = PBXBuildFile; fileRef = B13824282B2C621600F7E5C6 /* CharacterDetailViewController.swift */; };
		B138242B2B2C623500F7E5C6 /* ComicsCollectionViewCell.swift in Sources */ = {isa = PBXBuildFile; fileRef = B138242A2B2C623500F7E5C6 /* ComicsCollectionViewCell.swift */; };
		B138242D2B2C624400F7E5C6 /* CharacterDetailViewModel.swift in Sources */ = {isa = PBXBuildFile; fileRef = B138242C2B2C624400F7E5C6 /* CharacterDetailViewModel.swift */; };
		B138242F2B2C626100F7E5C6 /* MarvelAPIService.swift in Sources */ = {isa = PBXBuildFile; fileRef = B138242E2B2C626100F7E5C6 /* MarvelAPIService.swift */; };
		B13824322B2C64EA00F7E5C6 /* Utils.swift in Sources */ = {isa = PBXBuildFile; fileRef = B13824312B2C64EA00F7E5C6 /* Utils.swift */; };
		B13824382B2C65E800F7E5C6 /* StoryboardUtils.swift in Sources */ = {isa = PBXBuildFile; fileRef = B13824372B2C65E800F7E5C6 /* StoryboardUtils.swift */; };
		B138243A2B2C660400F7E5C6 /* ImageDownloader.swift in Sources */ = {isa = PBXBuildFile; fileRef = B13824392B2C660400F7E5C6 /* ImageDownloader.swift */; };
		B17758612B3462E4002C4595 /* ComicListViewModel.swift in Sources */ = {isa = PBXBuildFile; fileRef = B17758602B3462E4002C4595 /* ComicListViewModel.swift */; };
		B17758632B3462F2002C4595 /* ComicListViewController.swift in Sources */ = {isa = PBXBuildFile; fileRef = B17758622B3462F2002C4595 /* ComicListViewController.swift */; };
		B17758652B346313002C4595 /* ComicListCoordinator.swift in Sources */ = {isa = PBXBuildFile; fileRef = B17758642B346312002C4595 /* ComicListCoordinator.swift */; };
		B17758672B346349002C4595 /* HashExtension.swift in Sources */ = {isa = PBXBuildFile; fileRef = B17758662B346349002C4595 /* HashExtension.swift */; };
		B190374A2B4B75B10048845B /* SeriesModel.swift in Sources */ = {isa = PBXBuildFile; fileRef = B19037492B4B75B10048845B /* SeriesModel.swift */; };
		B190374F2B4BFE700048845B /* SeriesListViewModel.swift in Sources */ = {isa = PBXBuildFile; fileRef = B190374E2B4BFE700048845B /* SeriesListViewModel.swift */; };
		B19037512B4BFE7C0048845B /* SeriesListViewController.swift in Sources */ = {isa = PBXBuildFile; fileRef = B19037502B4BFE7C0048845B /* SeriesListViewController.swift */; };
		B19037532B4BFE8A0048845B /* SeriesListCoordinator.swift in Sources */ = {isa = PBXBuildFile; fileRef = B19037522B4BFE8A0048845B /* SeriesListCoordinator.swift */; };
		B190375A2B4E92220048845B /* StoriesListCoordinator.swift in Sources */ = {isa = PBXBuildFile; fileRef = B19037592B4E92220048845B /* StoriesListCoordinator.swift */; };
		B190375C2B4E922F0048845B /* StoriesListViewController.swift in Sources */ = {isa = PBXBuildFile; fileRef = B190375B2B4E922F0048845B /* StoriesListViewController.swift */; };
		B190375E2B4E923F0048845B /* StoriesListViewModel.swift in Sources */ = {isa = PBXBuildFile; fileRef = B190375D2B4E923F0048845B /* StoriesListViewModel.swift */; };
		B19037602B4E956E0048845B /* StoriesModel.swift in Sources */ = {isa = PBXBuildFile; fileRef = B190375F2B4E956E0048845B /* StoriesModel.swift */; };
		B19037652B5005C70048845B /* EventsListViewController.swift in Sources */ = {isa = PBXBuildFile; fileRef = B19037642B5005C70048845B /* EventsListViewController.swift */; };
		B19037672B5005ED0048845B /* EventsListViewModel.swift in Sources */ = {isa = PBXBuildFile; fileRef = B19037662B5005ED0048845B /* EventsListViewModel.swift */; };
		B19037692B5006440048845B /* EventsListCoordinator.swift in Sources */ = {isa = PBXBuildFile; fileRef = B19037682B5006440048845B /* EventsListCoordinator.swift */; };
		B190376B2B5006F10048845B /* EventsModel.swift in Sources */ = {isa = PBXBuildFile; fileRef = B190376A2B5006F10048845B /* EventsModel.swift */; };
/* End PBXBuildFile section */

/* Begin PBXContainerItemProxy section */
		B13823E42B2C5EFB00F7E5C6 /* PBXContainerItemProxy */ = {
			isa = PBXContainerItemProxy;
			containerPortal = B13823C52B2C5EF900F7E5C6 /* Project object */;
			proxyType = 1;
			remoteGlobalIDString = B13823CC2B2C5EF900F7E5C6;
			remoteInfo = Marvel3.0;
		};
		B13823EE2B2C5EFB00F7E5C6 /* PBXContainerItemProxy */ = {
			isa = PBXContainerItemProxy;
			containerPortal = B13823C52B2C5EF900F7E5C6 /* Project object */;
			proxyType = 1;
			remoteGlobalIDString = B13823CC2B2C5EF900F7E5C6;
			remoteInfo = Marvel3.0;
		};
/* End PBXContainerItemProxy section */

/* Begin PBXFileReference section */
		81A944342B61202100E16C43 /* MarvelPlist.plist */ = {isa = PBXFileReference; fileEncoding = 4; lastKnownFileType = text.plist.xml; path = MarvelPlist.plist; sourceTree = "<group>"; };
		B13823CD2B2C5EF900F7E5C6 /* Marvel3.0.app */ = {isa = PBXFileReference; explicitFileType = wrapper.application; includeInIndex = 0; path = Marvel3.0.app; sourceTree = BUILT_PRODUCTS_DIR; };
		B13823D02B2C5EF900F7E5C6 /* AppDelegate.swift */ = {isa = PBXFileReference; lastKnownFileType = sourcecode.swift; path = AppDelegate.swift; sourceTree = "<group>"; };
		B13823D22B2C5EF900F7E5C6 /* SceneDelegate.swift */ = {isa = PBXFileReference; lastKnownFileType = sourcecode.swift; path = SceneDelegate.swift; sourceTree = "<group>"; };
		B13823D72B2C5EF900F7E5C6 /* Base */ = {isa = PBXFileReference; lastKnownFileType = file.storyboard; name = Base; path = Base.lproj/Main.storyboard; sourceTree = "<group>"; };
		B13823D92B2C5EFB00F7E5C6 /* Assets.xcassets */ = {isa = PBXFileReference; lastKnownFileType = folder.assetcatalog; path = Assets.xcassets; sourceTree = "<group>"; };
		B13823DC2B2C5EFB00F7E5C6 /* Base */ = {isa = PBXFileReference; lastKnownFileType = file.storyboard; name = Base; path = Base.lproj/LaunchScreen.storyboard; sourceTree = "<group>"; };
		B13823DE2B2C5EFB00F7E5C6 /* Info.plist */ = {isa = PBXFileReference; lastKnownFileType = text.plist.xml; path = Info.plist; sourceTree = "<group>"; };
		B13823E32B2C5EFB00F7E5C6 /* Marvel3.0Tests.xctest */ = {isa = PBXFileReference; explicitFileType = wrapper.cfbundle; includeInIndex = 0; path = Marvel3.0Tests.xctest; sourceTree = BUILT_PRODUCTS_DIR; };
		B13823E72B2C5EFB00F7E5C6 /* Marvel3_0Tests.swift */ = {isa = PBXFileReference; lastKnownFileType = sourcecode.swift; path = Marvel3_0Tests.swift; sourceTree = "<group>"; };
		B13823ED2B2C5EFB00F7E5C6 /* Marvel3.0UITests.xctest */ = {isa = PBXFileReference; explicitFileType = wrapper.cfbundle; includeInIndex = 0; path = Marvel3.0UITests.xctest; sourceTree = BUILT_PRODUCTS_DIR; };
		B13823F12B2C5EFB00F7E5C6 /* Marvel3_0UITests.swift */ = {isa = PBXFileReference; lastKnownFileType = sourcecode.swift; path = Marvel3_0UITests.swift; sourceTree = "<group>"; };
		B13823F32B2C5EFB00F7E5C6 /* Marvel3_0UITestsLaunchTests.swift */ = {isa = PBXFileReference; lastKnownFileType = sourcecode.swift; path = Marvel3_0UITestsLaunchTests.swift; sourceTree = "<group>"; };
		B138241E2B2C61AF00F7E5C6 /* CharacterModel.swift */ = {isa = PBXFileReference; lastKnownFileType = sourcecode.swift; path = CharacterModel.swift; sourceTree = "<group>"; };
		B13824202B2C61C300F7E5C6 /* CharacterViewController.swift */ = {isa = PBXFileReference; lastKnownFileType = sourcecode.swift; path = CharacterViewController.swift; sourceTree = "<group>"; };
		B13824222B2C61D000F7E5C6 /* CharacterTableViewCell.swift */ = {isa = PBXFileReference; lastKnownFileType = sourcecode.swift; path = CharacterTableViewCell.swift; sourceTree = "<group>"; };
		B13824242B2C61E100F7E5C6 /* CharacterViewModel.swift */ = {isa = PBXFileReference; lastKnownFileType = sourcecode.swift; path = CharacterViewModel.swift; sourceTree = "<group>"; };
		B13824262B2C61F800F7E5C6 /* ComicsModel.swift */ = {isa = PBXFileReference; lastKnownFileType = sourcecode.swift; path = ComicsModel.swift; sourceTree = "<group>"; };
		B13824282B2C621600F7E5C6 /* CharacterDetailViewController.swift */ = {isa = PBXFileReference; lastKnownFileType = sourcecode.swift; path = CharacterDetailViewController.swift; sourceTree = "<group>"; };
		B138242A2B2C623500F7E5C6 /* ComicsCollectionViewCell.swift */ = {isa = PBXFileReference; lastKnownFileType = sourcecode.swift; path = ComicsCollectionViewCell.swift; sourceTree = "<group>"; };
		B138242C2B2C624400F7E5C6 /* CharacterDetailViewModel.swift */ = {isa = PBXFileReference; lastKnownFileType = sourcecode.swift; path = CharacterDetailViewModel.swift; sourceTree = "<group>"; };
		B138242E2B2C626100F7E5C6 /* MarvelAPIService.swift */ = {isa = PBXFileReference; lastKnownFileType = sourcecode.swift; path = MarvelAPIService.swift; sourceTree = "<group>"; };
		B13824312B2C64EA00F7E5C6 /* Utils.swift */ = {isa = PBXFileReference; lastKnownFileType = sourcecode.swift; path = Utils.swift; sourceTree = "<group>"; };
		B13824372B2C65E800F7E5C6 /* StoryboardUtils.swift */ = {isa = PBXFileReference; lastKnownFileType = sourcecode.swift; path = StoryboardUtils.swift; sourceTree = "<group>"; };
		B13824392B2C660400F7E5C6 /* ImageDownloader.swift */ = {isa = PBXFileReference; lastKnownFileType = sourcecode.swift; path = ImageDownloader.swift; sourceTree = "<group>"; };
		B17758602B3462E4002C4595 /* ComicListViewModel.swift */ = {isa = PBXFileReference; lastKnownFileType = sourcecode.swift; path = ComicListViewModel.swift; sourceTree = "<group>"; };
		B17758622B3462F2002C4595 /* ComicListViewController.swift */ = {isa = PBXFileReference; lastKnownFileType = sourcecode.swift; path = ComicListViewController.swift; sourceTree = "<group>"; };
		B17758642B346312002C4595 /* ComicListCoordinator.swift */ = {isa = PBXFileReference; lastKnownFileType = sourcecode.swift; path = ComicListCoordinator.swift; sourceTree = "<group>"; };
		B17758662B346349002C4595 /* HashExtension.swift */ = {isa = PBXFileReference; lastKnownFileType = sourcecode.swift; path = HashExtension.swift; sourceTree = "<group>"; };
		B19037492B4B75B10048845B /* SeriesModel.swift */ = {isa = PBXFileReference; lastKnownFileType = sourcecode.swift; path = SeriesModel.swift; sourceTree = "<group>"; };
		B190374E2B4BFE700048845B /* SeriesListViewModel.swift */ = {isa = PBXFileReference; lastKnownFileType = sourcecode.swift; path = SeriesListViewModel.swift; sourceTree = "<group>"; };
		B19037502B4BFE7C0048845B /* SeriesListViewController.swift */ = {isa = PBXFileReference; lastKnownFileType = sourcecode.swift; path = SeriesListViewController.swift; sourceTree = "<group>"; };
		B19037522B4BFE8A0048845B /* SeriesListCoordinator.swift */ = {isa = PBXFileReference; lastKnownFileType = sourcecode.swift; path = SeriesListCoordinator.swift; sourceTree = "<group>"; };
		B19037592B4E92220048845B /* StoriesListCoordinator.swift */ = {isa = PBXFileReference; lastKnownFileType = sourcecode.swift; path = StoriesListCoordinator.swift; sourceTree = "<group>"; };
		B190375B2B4E922F0048845B /* StoriesListViewController.swift */ = {isa = PBXFileReference; lastKnownFileType = sourcecode.swift; path = StoriesListViewController.swift; sourceTree = "<group>"; };
		B190375D2B4E923F0048845B /* StoriesListViewModel.swift */ = {isa = PBXFileReference; lastKnownFileType = sourcecode.swift; path = StoriesListViewModel.swift; sourceTree = "<group>"; };
		B190375F2B4E956E0048845B /* StoriesModel.swift */ = {isa = PBXFileReference; lastKnownFileType = sourcecode.swift; path = StoriesModel.swift; sourceTree = "<group>"; };
		B19037642B5005C70048845B /* EventsListViewController.swift */ = {isa = PBXFileReference; lastKnownFileType = sourcecode.swift; path = EventsListViewController.swift; sourceTree = "<group>"; };
		B19037662B5005ED0048845B /* EventsListViewModel.swift */ = {isa = PBXFileReference; lastKnownFileType = sourcecode.swift; path = EventsListViewModel.swift; sourceTree = "<group>"; };
		B19037682B5006440048845B /* EventsListCoordinator.swift */ = {isa = PBXFileReference; lastKnownFileType = sourcecode.swift; path = EventsListCoordinator.swift; sourceTree = "<group>"; };
		B190376A2B5006F10048845B /* EventsModel.swift */ = {isa = PBXFileReference; lastKnownFileType = sourcecode.swift; path = EventsModel.swift; sourceTree = "<group>"; };
/* End PBXFileReference section */

/* Begin PBXFrameworksBuildPhase section */
		B13823CA2B2C5EF900F7E5C6 /* Frameworks */ = {
			isa = PBXFrameworksBuildPhase;
			buildActionMask = 2147483647;
			files = (
			);
			runOnlyForDeploymentPostprocessing = 0;
		};
		B13823E02B2C5EFB00F7E5C6 /* Frameworks */ = {
			isa = PBXFrameworksBuildPhase;
			buildActionMask = 2147483647;
			files = (
			);
			runOnlyForDeploymentPostprocessing = 0;
		};
		B13823EA2B2C5EFB00F7E5C6 /* Frameworks */ = {
			isa = PBXFrameworksBuildPhase;
			buildActionMask = 2147483647;
			files = (
			);
			runOnlyForDeploymentPostprocessing = 0;
		};
/* End PBXFrameworksBuildPhase section */

/* Begin PBXGroup section */
		B13823C42B2C5EF900F7E5C6 = {
			isa = PBXGroup;
			children = (
				B13823CF2B2C5EF900F7E5C6 /* Marvel3.0 */,
				B13823E62B2C5EFB00F7E5C6 /* Marvel3.0Tests */,
				B13823F02B2C5EFB00F7E5C6 /* Marvel3.0UITests */,
				B13823CE2B2C5EF900F7E5C6 /* Products */,
			);
			sourceTree = "<group>";
		};
		B13823CE2B2C5EF900F7E5C6 /* Products */ = {
			isa = PBXGroup;
			children = (
				B13823CD2B2C5EF900F7E5C6 /* Marvel3.0.app */,
				B13823E32B2C5EFB00F7E5C6 /* Marvel3.0Tests.xctest */,
				B13823ED2B2C5EFB00F7E5C6 /* Marvel3.0UITests.xctest */,
			);
			name = Products;
			sourceTree = "<group>";
		};
		B13823CF2B2C5EF900F7E5C6 /* Marvel3.0 */ = {
			isa = PBXGroup;
			children = (
				81A944342B61202100E16C43 /* MarvelPlist.plist */,
				B19037632B5005AE0048845B /* EventsListView */,
				B19037582B4E92110048845B /* StoriesListView */,
				B190374D2B4BFE610048845B /* SeriesListView */,
				B177585F2B3462BD002C4595 /* ComicsListView */,
				B13824302B2C64D500F7E5C6 /* Utils */,
				B13824172B2C614700F7E5C6 /* MarvelAPIService */,
				B13824162B2C613200F7E5C6 /* MarvelCharacterDetails */,
				B13824152B2C612600F7E5C6 /* MarvelCharacter */,
				B13823D02B2C5EF900F7E5C6 /* AppDelegate.swift */,
				B13823D22B2C5EF900F7E5C6 /* SceneDelegate.swift */,
				B13823D62B2C5EF900F7E5C6 /* Main.storyboard */,
				B13823D92B2C5EFB00F7E5C6 /* Assets.xcassets */,
				B13823DB2B2C5EFB00F7E5C6 /* LaunchScreen.storyboard */,
				B13823DE2B2C5EFB00F7E5C6 /* Info.plist */,
			);
			path = Marvel3.0;
			sourceTree = "<group>";
		};
		B13823E62B2C5EFB00F7E5C6 /* Marvel3.0Tests */ = {
			isa = PBXGroup;
			children = (
				B13823E72B2C5EFB00F7E5C6 /* Marvel3_0Tests.swift */,
			);
			path = Marvel3.0Tests;
			sourceTree = "<group>";
		};
		B13823F02B2C5EFB00F7E5C6 /* Marvel3.0UITests */ = {
			isa = PBXGroup;
			children = (
				B13823F12B2C5EFB00F7E5C6 /* Marvel3_0UITests.swift */,
				B13823F32B2C5EFB00F7E5C6 /* Marvel3_0UITestsLaunchTests.swift */,
			);
			path = Marvel3.0UITests;
			sourceTree = "<group>";
		};
		B13824152B2C612600F7E5C6 /* MarvelCharacter */ = {
			isa = PBXGroup;
			children = (
				B138241A2B2C616F00F7E5C6 /* ViewModel */,
				B13824192B2C616600F7E5C6 /* View */,
				B13824182B2C615E00F7E5C6 /* Model */,
			);
			path = MarvelCharacter;
			sourceTree = "<group>";
		};
		B13824162B2C613200F7E5C6 /* MarvelCharacterDetails */ = {
			isa = PBXGroup;
			children = (
				B138241D2B2C618500F7E5C6 /* ViewModel */,
				B138241C2B2C617E00F7E5C6 /* View */,
				B138241B2B2C617700F7E5C6 /* Model */,
			);
			path = MarvelCharacterDetails;
			sourceTree = "<group>";
		};
		B13824172B2C614700F7E5C6 /* MarvelAPIService */ = {
			isa = PBXGroup;
			children = (
				B138242E2B2C626100F7E5C6 /* MarvelAPIService.swift */,
			);
			path = MarvelAPIService;
			sourceTree = "<group>";
		};
		B13824182B2C615E00F7E5C6 /* Model */ = {
			isa = PBXGroup;
			children = (
				B138241E2B2C61AF00F7E5C6 /* CharacterModel.swift */,
			);
			path = Model;
			sourceTree = "<group>";
		};
		B13824192B2C616600F7E5C6 /* View */ = {
			isa = PBXGroup;
			children = (
				B13824202B2C61C300F7E5C6 /* CharacterViewController.swift */,
				B13824222B2C61D000F7E5C6 /* CharacterTableViewCell.swift */,
			);
			path = View;
			sourceTree = "<group>";
		};
		B138241A2B2C616F00F7E5C6 /* ViewModel */ = {
			isa = PBXGroup;
			children = (
				B13824242B2C61E100F7E5C6 /* CharacterViewModel.swift */,
			);
			path = ViewModel;
			sourceTree = "<group>";
		};
		B138241B2B2C617700F7E5C6 /* Model */ = {
			isa = PBXGroup;
			children = (
				B13824262B2C61F800F7E5C6 /* ComicsModel.swift */,
				B19037492B4B75B10048845B /* SeriesModel.swift */,
				B190375F2B4E956E0048845B /* StoriesModel.swift */,
				B190376A2B5006F10048845B /* EventsModel.swift */,
			);
			path = Model;
			sourceTree = "<group>";
		};
		B138241C2B2C617E00F7E5C6 /* View */ = {
			isa = PBXGroup;
			children = (
				B13824282B2C621600F7E5C6 /* CharacterDetailViewController.swift */,
				B138242A2B2C623500F7E5C6 /* ComicsCollectionViewCell.swift */,
			);
			path = View;
			sourceTree = "<group>";
		};
		B138241D2B2C618500F7E5C6 /* ViewModel */ = {
			isa = PBXGroup;
			children = (
				B138242C2B2C624400F7E5C6 /* CharacterDetailViewModel.swift */,
			);
			path = ViewModel;
			sourceTree = "<group>";
		};
		B13824302B2C64D500F7E5C6 /* Utils */ = {
			isa = PBXGroup;
			children = (
				B13824312B2C64EA00F7E5C6 /* Utils.swift */,
				B13824372B2C65E800F7E5C6 /* StoryboardUtils.swift */,
				B13824392B2C660400F7E5C6 /* ImageDownloader.swift */,
			);
			path = Utils;
			sourceTree = "<group>";
		};
		B177585F2B3462BD002C4595 /* ComicsListView */ = {
			isa = PBXGroup;
			children = (
				B17758602B3462E4002C4595 /* ComicListViewModel.swift */,
				B17758622B3462F2002C4595 /* ComicListViewController.swift */,
				B17758642B346312002C4595 /* ComicListCoordinator.swift */,
				B17758662B346349002C4595 /* HashExtension.swift */,
			);
			path = ComicsListView;
			sourceTree = "<group>";
		};
		B190374D2B4BFE610048845B /* SeriesListView */ = {
			isa = PBXGroup;
			children = (
				B190374E2B4BFE700048845B /* SeriesListViewModel.swift */,
				B19037502B4BFE7C0048845B /* SeriesListViewController.swift */,
				B19037522B4BFE8A0048845B /* SeriesListCoordinator.swift */,
			);
			path = SeriesListView;
			sourceTree = "<group>";
		};
		B19037582B4E92110048845B /* StoriesListView */ = {
			isa = PBXGroup;
			children = (
				B19037592B4E92220048845B /* StoriesListCoordinator.swift */,
				B190375B2B4E922F0048845B /* StoriesListViewController.swift */,
				B190375D2B4E923F0048845B /* StoriesListViewModel.swift */,
			);
			path = StoriesListView;
			sourceTree = "<group>";
		};
		B19037632B5005AE0048845B /* EventsListView */ = {
			isa = PBXGroup;
			children = (
				B19037642B5005C70048845B /* EventsListViewController.swift */,
				B19037662B5005ED0048845B /* EventsListViewModel.swift */,
				B19037682B5006440048845B /* EventsListCoordinator.swift */,
			);
			path = EventsListView;
			sourceTree = "<group>";
		};
/* End PBXGroup section */

/* Begin PBXNativeTarget section */
		B13823CC2B2C5EF900F7E5C6 /* Marvel3.0 */ = {
			isa = PBXNativeTarget;
			buildConfigurationList = B13823F72B2C5EFB00F7E5C6 /* Build configuration list for PBXNativeTarget "Marvel3.0" */;
			buildPhases = (
				B13823C92B2C5EF900F7E5C6 /* Sources */,
				B13823CA2B2C5EF900F7E5C6 /* Frameworks */,
				B13823CB2B2C5EF900F7E5C6 /* Resources */,
			);
			buildRules = (
			);
			dependencies = (
			);
			name = Marvel3.0;
			productName = Marvel3.0;
			productReference = B13823CD2B2C5EF900F7E5C6 /* Marvel3.0.app */;
			productType = "com.apple.product-type.application";
		};
		B13823E22B2C5EFB00F7E5C6 /* Marvel3.0Tests */ = {
			isa = PBXNativeTarget;
			buildConfigurationList = B13823FA2B2C5EFB00F7E5C6 /* Build configuration list for PBXNativeTarget "Marvel3.0Tests" */;
			buildPhases = (
				B13823DF2B2C5EFB00F7E5C6 /* Sources */,
				B13823E02B2C5EFB00F7E5C6 /* Frameworks */,
				B13823E12B2C5EFB00F7E5C6 /* Resources */,
			);
			buildRules = (
			);
			dependencies = (
				B13823E52B2C5EFB00F7E5C6 /* PBXTargetDependency */,
			);
			name = Marvel3.0Tests;
			productName = Marvel3.0Tests;
			productReference = B13823E32B2C5EFB00F7E5C6 /* Marvel3.0Tests.xctest */;
			productType = "com.apple.product-type.bundle.unit-test";
		};
		B13823EC2B2C5EFB00F7E5C6 /* Marvel3.0UITests */ = {
			isa = PBXNativeTarget;
			buildConfigurationList = B13823FD2B2C5EFB00F7E5C6 /* Build configuration list for PBXNativeTarget "Marvel3.0UITests" */;
			buildPhases = (
				B13823E92B2C5EFB00F7E5C6 /* Sources */,
				B13823EA2B2C5EFB00F7E5C6 /* Frameworks */,
				B13823EB2B2C5EFB00F7E5C6 /* Resources */,
			);
			buildRules = (
			);
			dependencies = (
				B13823EF2B2C5EFB00F7E5C6 /* PBXTargetDependency */,
			);
			name = Marvel3.0UITests;
			productName = Marvel3.0UITests;
			productReference = B13823ED2B2C5EFB00F7E5C6 /* Marvel3.0UITests.xctest */;
			productType = "com.apple.product-type.bundle.ui-testing";
		};
/* End PBXNativeTarget section */

/* Begin PBXProject section */
		B13823C52B2C5EF900F7E5C6 /* Project object */ = {
			isa = PBXProject;
			attributes = {
				BuildIndependentTargetsInParallel = 1;
				LastSwiftUpdateCheck = 1500;
				LastUpgradeCheck = 1500;
				TargetAttributes = {
					B13823CC2B2C5EF900F7E5C6 = {
						CreatedOnToolsVersion = 15.0;
					};
					B13823E22B2C5EFB00F7E5C6 = {
						CreatedOnToolsVersion = 15.0;
						TestTargetID = B13823CC2B2C5EF900F7E5C6;
					};
					B13823EC2B2C5EFB00F7E5C6 = {
						CreatedOnToolsVersion = 15.0;
						TestTargetID = B13823CC2B2C5EF900F7E5C6;
					};
				};
			};
			buildConfigurationList = B13823C82B2C5EF900F7E5C6 /* Build configuration list for PBXProject "Marvel3.0" */;
			compatibilityVersion = "Xcode 14.0";
			developmentRegion = en;
			hasScannedForEncodings = 0;
			knownRegions = (
				en,
				Base,
			);
			mainGroup = B13823C42B2C5EF900F7E5C6;
			productRefGroup = B13823CE2B2C5EF900F7E5C6 /* Products */;
			projectDirPath = "";
			projectRoot = "";
			targets = (
				B13823CC2B2C5EF900F7E5C6 /* Marvel3.0 */,
				B13823E22B2C5EFB00F7E5C6 /* Marvel3.0Tests */,
				B13823EC2B2C5EFB00F7E5C6 /* Marvel3.0UITests */,
			);
		};
/* End PBXProject section */

/* Begin PBXResourcesBuildPhase section */
		B13823CB2B2C5EF900F7E5C6 /* Resources */ = {
			isa = PBXResourcesBuildPhase;
			buildActionMask = 2147483647;
			files = (
				81A944352B61202100E16C43 /* MarvelPlist.plist in Resources */,
				B13823DD2B2C5EFB00F7E5C6 /* LaunchScreen.storyboard in Resources */,
				B13823DA2B2C5EFB00F7E5C6 /* Assets.xcassets in Resources */,
				B13823D82B2C5EF900F7E5C6 /* Main.storyboard in Resources */,
			);
			runOnlyForDeploymentPostprocessing = 0;
		};
		B13823E12B2C5EFB00F7E5C6 /* Resources */ = {
			isa = PBXResourcesBuildPhase;
			buildActionMask = 2147483647;
			files = (
			);
			runOnlyForDeploymentPostprocessing = 0;
		};
		B13823EB2B2C5EFB00F7E5C6 /* Resources */ = {
			isa = PBXResourcesBuildPhase;
			buildActionMask = 2147483647;
			files = (
			);
			runOnlyForDeploymentPostprocessing = 0;
		};
/* End PBXResourcesBuildPhase section */

/* Begin PBXSourcesBuildPhase section */
		B13823C92B2C5EF900F7E5C6 /* Sources */ = {
			isa = PBXSourcesBuildPhase;
			buildActionMask = 2147483647;
			files = (
				B138243A2B2C660400F7E5C6 /* ImageDownloader.swift in Sources */,
				B19037602B4E956E0048845B /* StoriesModel.swift in Sources */,
				B13824252B2C61E100F7E5C6 /* CharacterViewModel.swift in Sources */,
				B13824212B2C61C300F7E5C6 /* CharacterViewController.swift in Sources */,
				B19037532B4BFE8A0048845B /* SeriesListCoordinator.swift in Sources */,
				B19037652B5005C70048845B /* EventsListViewController.swift in Sources */,
				B13824272B2C61F800F7E5C6 /* ComicsModel.swift in Sources */,
				B138241F2B2C61AF00F7E5C6 /* CharacterModel.swift in Sources */,
				B13824322B2C64EA00F7E5C6 /* Utils.swift in Sources */,
				B19037672B5005ED0048845B /* EventsListViewModel.swift in Sources */,
				B13824382B2C65E800F7E5C6 /* StoryboardUtils.swift in Sources */,
				B17758612B3462E4002C4595 /* ComicListViewModel.swift in Sources */,
				B13823D12B2C5EF900F7E5C6 /* AppDelegate.swift in Sources */,
				B138242D2B2C624400F7E5C6 /* CharacterDetailViewModel.swift in Sources */,
				B138242F2B2C626100F7E5C6 /* MarvelAPIService.swift in Sources */,
				B190375C2B4E922F0048845B /* StoriesListViewController.swift in Sources */,
				B19037512B4BFE7C0048845B /* SeriesListViewController.swift in Sources */,
				B190376B2B5006F10048845B /* EventsModel.swift in Sources */,
				B17758672B346349002C4595 /* HashExtension.swift in Sources */,
				B13823D32B2C5EF900F7E5C6 /* SceneDelegate.swift in Sources */,
				B17758652B346313002C4595 /* ComicListCoordinator.swift in Sources */,
				B190375E2B4E923F0048845B /* StoriesListViewModel.swift in Sources */,
				B190374A2B4B75B10048845B /* SeriesModel.swift in Sources */,
				B190375A2B4E92220048845B /* StoriesListCoordinator.swift in Sources */,
				B19037692B5006440048845B /* EventsListCoordinator.swift in Sources */,
				B190374F2B4BFE700048845B /* SeriesListViewModel.swift in Sources */,
				B13824292B2C621600F7E5C6 /* CharacterDetailViewController.swift in Sources */,
				B138242B2B2C623500F7E5C6 /* ComicsCollectionViewCell.swift in Sources */,
				B17758632B3462F2002C4595 /* ComicListViewController.swift in Sources */,
				B13824232B2C61D000F7E5C6 /* CharacterTableViewCell.swift in Sources */,
			);
			runOnlyForDeploymentPostprocessing = 0;
		};
		B13823DF2B2C5EFB00F7E5C6 /* Sources */ = {
			isa = PBXSourcesBuildPhase;
			buildActionMask = 2147483647;
			files = (
				B13823E82B2C5EFB00F7E5C6 /* Marvel3_0Tests.swift in Sources */,
			);
			runOnlyForDeploymentPostprocessing = 0;
		};
		B13823E92B2C5EFB00F7E5C6 /* Sources */ = {
			isa = PBXSourcesBuildPhase;
			buildActionMask = 2147483647;
			files = (
				B13823F42B2C5EFB00F7E5C6 /* Marvel3_0UITestsLaunchTests.swift in Sources */,
				B13823F22B2C5EFB00F7E5C6 /* Marvel3_0UITests.swift in Sources */,
			);
			runOnlyForDeploymentPostprocessing = 0;
		};
/* End PBXSourcesBuildPhase section */

/* Begin PBXTargetDependency section */
		B13823E52B2C5EFB00F7E5C6 /* PBXTargetDependency */ = {
			isa = PBXTargetDependency;
			target = B13823CC2B2C5EF900F7E5C6 /* Marvel3.0 */;
			targetProxy = B13823E42B2C5EFB00F7E5C6 /* PBXContainerItemProxy */;
		};
		B13823EF2B2C5EFB00F7E5C6 /* PBXTargetDependency */ = {
			isa = PBXTargetDependency;
			target = B13823CC2B2C5EF900F7E5C6 /* Marvel3.0 */;
			targetProxy = B13823EE2B2C5EFB00F7E5C6 /* PBXContainerItemProxy */;
		};
/* End PBXTargetDependency section */

/* Begin PBXVariantGroup section */
		B13823D62B2C5EF900F7E5C6 /* Main.storyboard */ = {
			isa = PBXVariantGroup;
			children = (
				B13823D72B2C5EF900F7E5C6 /* Base */,
			);
			name = Main.storyboard;
			sourceTree = "<group>";
		};
		B13823DB2B2C5EFB00F7E5C6 /* LaunchScreen.storyboard */ = {
			isa = PBXVariantGroup;
			children = (
				B13823DC2B2C5EFB00F7E5C6 /* Base */,
			);
			name = LaunchScreen.storyboard;
			sourceTree = "<group>";
		};
/* End PBXVariantGroup section */

/* Begin XCBuildConfiguration section */
		B13823F52B2C5EFB00F7E5C6 /* Debug */ = {
			isa = XCBuildConfiguration;
			buildSettings = {
				ALWAYS_SEARCH_USER_PATHS = NO;
				ASSETCATALOG_COMPILER_GENERATE_SWIFT_ASSET_SYMBOL_EXTENSIONS = YES;
				CLANG_ANALYZER_NONNULL = YES;
				CLANG_ANALYZER_NUMBER_OBJECT_CONVERSION = YES_AGGRESSIVE;
				CLANG_CXX_LANGUAGE_STANDARD = "gnu++20";
				CLANG_ENABLE_MODULES = YES;
				CLANG_ENABLE_OBJC_ARC = YES;
				CLANG_ENABLE_OBJC_WEAK = YES;
				CLANG_WARN_BLOCK_CAPTURE_AUTORELEASING = YES;
				CLANG_WARN_BOOL_CONVERSION = YES;
				CLANG_WARN_COMMA = YES;
				CLANG_WARN_CONSTANT_CONVERSION = YES;
				CLANG_WARN_DEPRECATED_OBJC_IMPLEMENTATIONS = YES;
				CLANG_WARN_DIRECT_OBJC_ISA_USAGE = YES_ERROR;
				CLANG_WARN_DOCUMENTATION_COMMENTS = YES;
				CLANG_WARN_EMPTY_BODY = YES;
				CLANG_WARN_ENUM_CONVERSION = YES;
				CLANG_WARN_INFINITE_RECURSION = YES;
				CLANG_WARN_INT_CONVERSION = YES;
				CLANG_WARN_NON_LITERAL_NULL_CONVERSION = YES;
				CLANG_WARN_OBJC_IMPLICIT_RETAIN_SELF = YES;
				CLANG_WARN_OBJC_LITERAL_CONVERSION = YES;
				CLANG_WARN_OBJC_ROOT_CLASS = YES_ERROR;
				CLANG_WARN_QUOTED_INCLUDE_IN_FRAMEWORK_HEADER = YES;
				CLANG_WARN_RANGE_LOOP_ANALYSIS = YES;
				CLANG_WARN_STRICT_PROTOTYPES = YES;
				CLANG_WARN_SUSPICIOUS_MOVE = YES;
				CLANG_WARN_UNGUARDED_AVAILABILITY = YES_AGGRESSIVE;
				CLANG_WARN_UNREACHABLE_CODE = YES;
				CLANG_WARN__DUPLICATE_METHOD_MATCH = YES;
				COPY_PHASE_STRIP = NO;
				DEBUG_INFORMATION_FORMAT = dwarf;
				ENABLE_STRICT_OBJC_MSGSEND = YES;
				ENABLE_TESTABILITY = YES;
				ENABLE_USER_SCRIPT_SANDBOXING = YES;
				GCC_C_LANGUAGE_STANDARD = gnu17;
				GCC_DYNAMIC_NO_PIC = NO;
				GCC_NO_COMMON_BLOCKS = YES;
				GCC_OPTIMIZATION_LEVEL = 0;
				GCC_PREPROCESSOR_DEFINITIONS = (
					"DEBUG=1",
					"$(inherited)",
				);
				GCC_WARN_64_TO_32_BIT_CONVERSION = YES;
				GCC_WARN_ABOUT_RETURN_TYPE = YES_ERROR;
				GCC_WARN_UNDECLARED_SELECTOR = YES;
				GCC_WARN_UNINITIALIZED_AUTOS = YES_AGGRESSIVE;
				GCC_WARN_UNUSED_FUNCTION = YES;
				GCC_WARN_UNUSED_VARIABLE = YES;
				IPHONEOS_DEPLOYMENT_TARGET = 17.0;
				LOCALIZATION_PREFERS_STRING_CATALOGS = YES;
				MTL_ENABLE_DEBUG_INFO = INCLUDE_SOURCE;
				MTL_FAST_MATH = YES;
				ONLY_ACTIVE_ARCH = YES;
				SDKROOT = iphoneos;
				SWIFT_ACTIVE_COMPILATION_CONDITIONS = "DEBUG $(inherited)";
				SWIFT_OPTIMIZATION_LEVEL = "-Onone";
			};
			name = Debug;
		};
		B13823F62B2C5EFB00F7E5C6 /* Release */ = {
			isa = XCBuildConfiguration;
			buildSettings = {
				ALWAYS_SEARCH_USER_PATHS = NO;
				ASSETCATALOG_COMPILER_GENERATE_SWIFT_ASSET_SYMBOL_EXTENSIONS = YES;
				CLANG_ANALYZER_NONNULL = YES;
				CLANG_ANALYZER_NUMBER_OBJECT_CONVERSION = YES_AGGRESSIVE;
				CLANG_CXX_LANGUAGE_STANDARD = "gnu++20";
				CLANG_ENABLE_MODULES = YES;
				CLANG_ENABLE_OBJC_ARC = YES;
				CLANG_ENABLE_OBJC_WEAK = YES;
				CLANG_WARN_BLOCK_CAPTURE_AUTORELEASING = YES;
				CLANG_WARN_BOOL_CONVERSION = YES;
				CLANG_WARN_COMMA = YES;
				CLANG_WARN_CONSTANT_CONVERSION = YES;
				CLANG_WARN_DEPRECATED_OBJC_IMPLEMENTATIONS = YES;
				CLANG_WARN_DIRECT_OBJC_ISA_USAGE = YES_ERROR;
				CLANG_WARN_DOCUMENTATION_COMMENTS = YES;
				CLANG_WARN_EMPTY_BODY = YES;
				CLANG_WARN_ENUM_CONVERSION = YES;
				CLANG_WARN_INFINITE_RECURSION = YES;
				CLANG_WARN_INT_CONVERSION = YES;
				CLANG_WARN_NON_LITERAL_NULL_CONVERSION = YES;
				CLANG_WARN_OBJC_IMPLICIT_RETAIN_SELF = YES;
				CLANG_WARN_OBJC_LITERAL_CONVERSION = YES;
				CLANG_WARN_OBJC_ROOT_CLASS = YES_ERROR;
				CLANG_WARN_QUOTED_INCLUDE_IN_FRAMEWORK_HEADER = YES;
				CLANG_WARN_RANGE_LOOP_ANALYSIS = YES;
				CLANG_WARN_STRICT_PROTOTYPES = YES;
				CLANG_WARN_SUSPICIOUS_MOVE = YES;
				CLANG_WARN_UNGUARDED_AVAILABILITY = YES_AGGRESSIVE;
				CLANG_WARN_UNREACHABLE_CODE = YES;
				CLANG_WARN__DUPLICATE_METHOD_MATCH = YES;
				COPY_PHASE_STRIP = NO;
				DEBUG_INFORMATION_FORMAT = "dwarf-with-dsym";
				ENABLE_NS_ASSERTIONS = NO;
				ENABLE_STRICT_OBJC_MSGSEND = YES;
				ENABLE_USER_SCRIPT_SANDBOXING = YES;
				GCC_C_LANGUAGE_STANDARD = gnu17;
				GCC_NO_COMMON_BLOCKS = YES;
				GCC_WARN_64_TO_32_BIT_CONVERSION = YES;
				GCC_WARN_ABOUT_RETURN_TYPE = YES_ERROR;
				GCC_WARN_UNDECLARED_SELECTOR = YES;
				GCC_WARN_UNINITIALIZED_AUTOS = YES_AGGRESSIVE;
				GCC_WARN_UNUSED_FUNCTION = YES;
				GCC_WARN_UNUSED_VARIABLE = YES;
				IPHONEOS_DEPLOYMENT_TARGET = 17.0;
				LOCALIZATION_PREFERS_STRING_CATALOGS = YES;
				MTL_ENABLE_DEBUG_INFO = NO;
				MTL_FAST_MATH = YES;
				SDKROOT = iphoneos;
				SWIFT_COMPILATION_MODE = wholemodule;
				VALIDATE_PRODUCT = YES;
			};
			name = Release;
		};
		B13823F82B2C5EFB00F7E5C6 /* Debug */ = {
			isa = XCBuildConfiguration;
			buildSettings = {
				ASSETCATALOG_COMPILER_APPICON_NAME = AppIcon;
				ASSETCATALOG_COMPILER_GLOBAL_ACCENT_COLOR_NAME = AccentColor;
				CODE_SIGN_STYLE = Automatic;
				CURRENT_PROJECT_VERSION = 1;
				GENERATE_INFOPLIST_FILE = YES;
				INFOPLIST_FILE = Marvel3.0/Info.plist;
				INFOPLIST_KEY_UIApplicationSupportsIndirectInputEvents = YES;
				INFOPLIST_KEY_UILaunchStoryboardName = LaunchScreen;
				INFOPLIST_KEY_UIMainStoryboardFile = Main;
				INFOPLIST_KEY_UISupportedInterfaceOrientations_iPad = "UIInterfaceOrientationPortrait UIInterfaceOrientationPortraitUpsideDown UIInterfaceOrientationLandscapeLeft UIInterfaceOrientationLandscapeRight";
				INFOPLIST_KEY_UISupportedInterfaceOrientations_iPhone = "UIInterfaceOrientationPortrait UIInterfaceOrientationLandscapeLeft UIInterfaceOrientationLandscapeRight";
				IPHONEOS_DEPLOYMENT_TARGET = 16.2;
				LD_RUNPATH_SEARCH_PATHS = (
					"$(inherited)",
					"@executable_path/Frameworks",
				);
				MARKETING_VERSION = 1.0;
				PRODUCT_BUNDLE_IDENTIFIER = "com.desktop-.Marvel3-0";
				PRODUCT_NAME = "$(TARGET_NAME)";
				SWIFT_EMIT_LOC_STRINGS = YES;
				SWIFT_VERSION = 5.0;
				TARGETED_DEVICE_FAMILY = "1,2";
			};
			name = Debug;
		};
		B13823F92B2C5EFB00F7E5C6 /* Release */ = {
			isa = XCBuildConfiguration;
			buildSettings = {
				ASSETCATALOG_COMPILER_APPICON_NAME = AppIcon;
				ASSETCATALOG_COMPILER_GLOBAL_ACCENT_COLOR_NAME = AccentColor;
				CODE_SIGN_STYLE = Automatic;
				CURRENT_PROJECT_VERSION = 1;
				GENERATE_INFOPLIST_FILE = YES;
				INFOPLIST_FILE = Marvel3.0/Info.plist;
				INFOPLIST_KEY_UIApplicationSupportsIndirectInputEvents = YES;
				INFOPLIST_KEY_UILaunchStoryboardName = LaunchScreen;
				INFOPLIST_KEY_UIMainStoryboardFile = Main;
				INFOPLIST_KEY_UISupportedInterfaceOrientations_iPad = "UIInterfaceOrientationPortrait UIInterfaceOrientationPortraitUpsideDown UIInterfaceOrientationLandscapeLeft UIInterfaceOrientationLandscapeRight";
				INFOPLIST_KEY_UISupportedInterfaceOrientations_iPhone = "UIInterfaceOrientationPortrait UIInterfaceOrientationLandscapeLeft UIInterfaceOrientationLandscapeRight";
				IPHONEOS_DEPLOYMENT_TARGET = 16.2;
				LD_RUNPATH_SEARCH_PATHS = (
					"$(inherited)",
					"@executable_path/Frameworks",
				);
				MARKETING_VERSION = 1.0;
				PRODUCT_BUNDLE_IDENTIFIER = "com.desktop-.Marvel3-0";
				PRODUCT_NAME = "$(TARGET_NAME)";
				SWIFT_EMIT_LOC_STRINGS = YES;
				SWIFT_VERSION = 5.0;
				TARGETED_DEVICE_FAMILY = "1,2";
			};
			name = Release;
		};
		B13823FB2B2C5EFB00F7E5C6 /* Debug */ = {
			isa = XCBuildConfiguration;
			buildSettings = {
				ALWAYS_EMBED_SWIFT_STANDARD_LIBRARIES = YES;
				BUNDLE_LOADER = "$(TEST_HOST)";
				CODE_SIGN_STYLE = Automatic;
				CURRENT_PROJECT_VERSION = 1;
				GENERATE_INFOPLIST_FILE = YES;
				IPHONEOS_DEPLOYMENT_TARGET = 17.0;
				MARKETING_VERSION = 1.0;
				PRODUCT_BUNDLE_IDENTIFIER = "com.desktop-.Marvel3-0Tests";
				PRODUCT_NAME = "$(TARGET_NAME)";
				SWIFT_EMIT_LOC_STRINGS = NO;
				SWIFT_VERSION = 5.0;
				TARGETED_DEVICE_FAMILY = "1,2";
				TEST_HOST = "$(BUILT_PRODUCTS_DIR)/Marvel3.0.app/$(BUNDLE_EXECUTABLE_FOLDER_PATH)/Marvel3.0";
			};
			name = Debug;
		};
		B13823FC2B2C5EFB00F7E5C6 /* Release */ = {
			isa = XCBuildConfiguration;
			buildSettings = {
				ALWAYS_EMBED_SWIFT_STANDARD_LIBRARIES = YES;
				BUNDLE_LOADER = "$(TEST_HOST)";
				CODE_SIGN_STYLE = Automatic;
				CURRENT_PROJECT_VERSION = 1;
				GENERATE_INFOPLIST_FILE = YES;
				IPHONEOS_DEPLOYMENT_TARGET = 17.0;
				MARKETING_VERSION = 1.0;
				PRODUCT_BUNDLE_IDENTIFIER = "com.desktop-.Marvel3-0Tests";
				PRODUCT_NAME = "$(TARGET_NAME)";
				SWIFT_EMIT_LOC_STRINGS = NO;
				SWIFT_VERSION = 5.0;
				TARGETED_DEVICE_FAMILY = "1,2";
				TEST_HOST = "$(BUILT_PRODUCTS_DIR)/Marvel3.0.app/$(BUNDLE_EXECUTABLE_FOLDER_PATH)/Marvel3.0";
			};
			name = Release;
		};
		B13823FE2B2C5EFB00F7E5C6 /* Debug */ = {
			isa = XCBuildConfiguration;
			buildSettings = {
				ALWAYS_EMBED_SWIFT_STANDARD_LIBRARIES = YES;
				CODE_SIGN_STYLE = Automatic;
				CURRENT_PROJECT_VERSION = 1;
				GENERATE_INFOPLIST_FILE = YES;
				MARKETING_VERSION = 1.0;
				PRODUCT_BUNDLE_IDENTIFIER = "com.desktop-.Marvel3-0UITests";
				PRODUCT_NAME = "$(TARGET_NAME)";
				SWIFT_EMIT_LOC_STRINGS = NO;
				SWIFT_VERSION = 5.0;
				TARGETED_DEVICE_FAMILY = "1,2";
				TEST_TARGET_NAME = Marvel3.0;
			};
			name = Debug;
		};
		B13823FF2B2C5EFB00F7E5C6 /* Release */ = {
			isa = XCBuildConfiguration;
			buildSettings = {
				ALWAYS_EMBED_SWIFT_STANDARD_LIBRARIES = YES;
				CODE_SIGN_STYLE = Automatic;
				CURRENT_PROJECT_VERSION = 1;
				GENERATE_INFOPLIST_FILE = YES;
				MARKETING_VERSION = 1.0;
				PRODUCT_BUNDLE_IDENTIFIER = "com.desktop-.Marvel3-0UITests";
				PRODUCT_NAME = "$(TARGET_NAME)";
				SWIFT_EMIT_LOC_STRINGS = NO;
				SWIFT_VERSION = 5.0;
				TARGETED_DEVICE_FAMILY = "1,2";
				TEST_TARGET_NAME = Marvel3.0;
			};
			name = Release;
		};
/* End XCBuildConfiguration section */

/* Begin XCConfigurationList section */
		B13823C82B2C5EF900F7E5C6 /* Build configuration list for PBXProject "Marvel3.0" */ = {
			isa = XCConfigurationList;
			buildConfigurations = (
				B13823F52B2C5EFB00F7E5C6 /* Debug */,
				B13823F62B2C5EFB00F7E5C6 /* Release */,
			);
			defaultConfigurationIsVisible = 0;
			defaultConfigurationName = Release;
		};
		B13823F72B2C5EFB00F7E5C6 /* Build configuration list for PBXNativeTarget "Marvel3.0" */ = {
			isa = XCConfigurationList;
			buildConfigurations = (
				B13823F82B2C5EFB00F7E5C6 /* Debug */,
				B13823F92B2C5EFB00F7E5C6 /* Release */,
			);
			defaultConfigurationIsVisible = 0;
			defaultConfigurationName = Release;
		};
		B13823FA2B2C5EFB00F7E5C6 /* Build configuration list for PBXNativeTarget "Marvel3.0Tests" */ = {
			isa = XCConfigurationList;
			buildConfigurations = (
				B13823FB2B2C5EFB00F7E5C6 /* Debug */,
				B13823FC2B2C5EFB00F7E5C6 /* Release */,
			);
			defaultConfigurationIsVisible = 0;
			defaultConfigurationName = Release;
		};
		B13823FD2B2C5EFB00F7E5C6 /* Build configuration list for PBXNativeTarget "Marvel3.0UITests" */ = {
			isa = XCConfigurationList;
			buildConfigurations = (
				B13823FE2B2C5EFB00F7E5C6 /* Debug */,
				B13823FF2B2C5EFB00F7E5C6 /* Release */,
			);
			defaultConfigurationIsVisible = 0;
			defaultConfigurationName = Release;
		};
/* End XCConfigurationList section */
	};
	rootObject = B13823C52B2C5EF900F7E5C6 /* Project object */;
}
